// !$*UTF8*$!
{
	archiveVersion = 1;
	classes = {
	};
	objectVersion = 46;
	objects = {

/* Begin PBXBuildFile section */
		D65F16E41B77B5D200866F61 /* AppDelegate.swift in Sources */ = {isa = PBXBuildFile; fileRef = D65F16E31B77B5D200866F61 /* AppDelegate.swift */; };
		D65F16E61B77B5D200866F61 /* Assets.xcassets in Resources */ = {isa = PBXBuildFile; fileRef = D65F16E51B77B5D200866F61 /* Assets.xcassets */; };
		D65F16E91B77B5D200866F61 /* MainMenu.xib in Resources */ = {isa = PBXBuildFile; fileRef = D65F16E71B77B5D200866F61 /* MainMenu.xib */; };
		D65F16F41B77B5D200866F61 /* SwiftTracerTests.swift in Sources */ = {isa = PBXBuildFile; fileRef = D65F16F31B77B5D200866F61 /* SwiftTracerTests.swift */; };
		D65F17001B77B69000866F61 /* Sphere.swift in Sources */ = {isa = PBXBuildFile; fileRef = D65F16FF1B77B69000866F61 /* Sphere.swift */; };
		D65F17031B77B6B800866F61 /* Vector.swift in Sources */ = {isa = PBXBuildFile; fileRef = D65F17021B77B6B800866F61 /* Vector.swift */; };
		D65F17051B77B6EF00866F61 /* Shape.swift in Sources */ = {isa = PBXBuildFile; fileRef = D65F17041B77B6EF00866F61 /* Shape.swift */; };
		D65F17081B77B76700866F61 /* Ray.swift in Sources */ = {isa = PBXBuildFile; fileRef = D65F17071B77B76700866F61 /* Ray.swift */; };
		D65F170A1B77B78500866F61 /* Material.swift in Sources */ = {isa = PBXBuildFile; fileRef = D65F17091B77B78500866F61 /* Material.swift */; };
		D65F170C1B77B7BD00866F61 /* Intersection.swift in Sources */ = {isa = PBXBuildFile; fileRef = D65F170B1B77B7BD00866F61 /* Intersection.swift */; };
		D65F170F1B77B8BA00866F61 /* SphereTest.swift in Sources */ = {isa = PBXBuildFile; fileRef = D65F170E1B77B8BA00866F61 /* SphereTest.swift */; };
		D65F17121B77BD3F00866F61 /* VectorTests.swift in Sources */ = {isa = PBXBuildFile; fileRef = D65F17111B77BD3F00866F61 /* VectorTests.swift */; };
		D65F17161B77CFF200866F61 /* MainViewController.swift in Sources */ = {isa = PBXBuildFile; fileRef = D65F17151B77CFF200866F61 /* MainViewController.swift */; };
		D65F17191B77D09800866F61 /* PixelRenderView.swift in Sources */ = {isa = PBXBuildFile; fileRef = D65F17181B77D09800866F61 /* PixelRenderView.swift */; };
		D65F171B1B77D41400866F61 /* Renderer.swift in Sources */ = {isa = PBXBuildFile; fileRef = D65F171A1B77D41400866F61 /* Renderer.swift */; };
		D65F171D1B77D7B800866F61 /* Scene.swift in Sources */ = {isa = PBXBuildFile; fileRef = D65F171C1B77D7B800866F61 /* Scene.swift */; };
		D65F171F1B77E5ED00866F61 /* Color.swift in Sources */ = {isa = PBXBuildFile; fileRef = D65F171E1B77E5ED00866F61 /* Color.swift */; };
		D65F17211B77E7C800866F61 /* Camera.swift in Sources */ = {isa = PBXBuildFile; fileRef = D65F17201B77E7C800866F61 /* Camera.swift */; };
		D65F17261B77F97300866F61 /* PointLight.swift in Sources */ = {isa = PBXBuildFile; fileRef = D65F17251B77F97300866F61 /* PointLight.swift */; };
/* End PBXBuildFile section */

/* Begin PBXContainerItemProxy section */
		D65F16F01B77B5D200866F61 /* PBXContainerItemProxy */ = {
			isa = PBXContainerItemProxy;
			containerPortal = D65F16D81B77B5D200866F61 /* Project object */;
			proxyType = 1;
			remoteGlobalIDString = D65F16DF1B77B5D200866F61;
			remoteInfo = SwiftTracer;
		};
/* End PBXContainerItemProxy section */

/* Begin PBXFileReference section */
		D65F16E01B77B5D200866F61 /* SwiftTracer.app */ = {isa = PBXFileReference; explicitFileType = wrapper.application; includeInIndex = 0; path = SwiftTracer.app; sourceTree = BUILT_PRODUCTS_DIR; };
		D65F16E31B77B5D200866F61 /* AppDelegate.swift */ = {isa = PBXFileReference; lastKnownFileType = sourcecode.swift; path = AppDelegate.swift; sourceTree = "<group>"; };
		D65F16E51B77B5D200866F61 /* Assets.xcassets */ = {isa = PBXFileReference; lastKnownFileType = folder.assetcatalog; path = Assets.xcassets; sourceTree = "<group>"; };
		D65F16E81B77B5D200866F61 /* Base */ = {isa = PBXFileReference; lastKnownFileType = file.xib; name = Base; path = Base.lproj/MainMenu.xib; sourceTree = "<group>"; };
		D65F16EA1B77B5D200866F61 /* Info.plist */ = {isa = PBXFileReference; lastKnownFileType = text.plist.xml; path = Info.plist; sourceTree = "<group>"; };
		D65F16EF1B77B5D200866F61 /* SwiftTracerTests.xctest */ = {isa = PBXFileReference; explicitFileType = wrapper.cfbundle; includeInIndex = 0; path = SwiftTracerTests.xctest; sourceTree = BUILT_PRODUCTS_DIR; };
		D65F16F31B77B5D200866F61 /* SwiftTracerTests.swift */ = {isa = PBXFileReference; lastKnownFileType = sourcecode.swift; path = SwiftTracerTests.swift; sourceTree = "<group>"; };
		D65F16F51B77B5D200866F61 /* Info.plist */ = {isa = PBXFileReference; lastKnownFileType = text.plist.xml; path = Info.plist; sourceTree = "<group>"; };
		D65F16FF1B77B69000866F61 /* Sphere.swift */ = {isa = PBXFileReference; fileEncoding = 4; lastKnownFileType = sourcecode.swift; path = Sphere.swift; sourceTree = "<group>"; };
		D65F17021B77B6B800866F61 /* Vector.swift */ = {isa = PBXFileReference; fileEncoding = 4; lastKnownFileType = sourcecode.swift; path = Vector.swift; sourceTree = "<group>"; };
		D65F17041B77B6EF00866F61 /* Shape.swift */ = {isa = PBXFileReference; fileEncoding = 4; lastKnownFileType = sourcecode.swift; path = Shape.swift; sourceTree = "<group>"; };
		D65F17071B77B76700866F61 /* Ray.swift */ = {isa = PBXFileReference; fileEncoding = 4; lastKnownFileType = sourcecode.swift; path = Ray.swift; sourceTree = "<group>"; };
		D65F17091B77B78500866F61 /* Material.swift */ = {isa = PBXFileReference; fileEncoding = 4; lastKnownFileType = sourcecode.swift; path = Material.swift; sourceTree = "<group>"; };
		D65F170B1B77B7BD00866F61 /* Intersection.swift */ = {isa = PBXFileReference; fileEncoding = 4; lastKnownFileType = sourcecode.swift; path = Intersection.swift; sourceTree = "<group>"; };
		D65F170E1B77B8BA00866F61 /* SphereTest.swift */ = {isa = PBXFileReference; fileEncoding = 4; lastKnownFileType = sourcecode.swift; path = SphereTest.swift; sourceTree = "<group>"; };
		D65F17111B77BD3F00866F61 /* VectorTests.swift */ = {isa = PBXFileReference; fileEncoding = 4; lastKnownFileType = sourcecode.swift; path = VectorTests.swift; sourceTree = "<group>"; };
		D65F17151B77CFF200866F61 /* MainViewController.swift */ = {isa = PBXFileReference; fileEncoding = 4; lastKnownFileType = sourcecode.swift; path = MainViewController.swift; sourceTree = "<group>"; };
		D65F17181B77D09800866F61 /* PixelRenderView.swift */ = {isa = PBXFileReference; fileEncoding = 4; lastKnownFileType = sourcecode.swift; path = PixelRenderView.swift; sourceTree = "<group>"; };
		D65F171A1B77D41400866F61 /* Renderer.swift */ = {isa = PBXFileReference; fileEncoding = 4; lastKnownFileType = sourcecode.swift; path = Renderer.swift; sourceTree = "<group>"; };
		D65F171C1B77D7B800866F61 /* Scene.swift */ = {isa = PBXFileReference; fileEncoding = 4; lastKnownFileType = sourcecode.swift; path = Scene.swift; sourceTree = "<group>"; };
		D65F171E1B77E5ED00866F61 /* Color.swift */ = {isa = PBXFileReference; fileEncoding = 4; lastKnownFileType = sourcecode.swift; path = Color.swift; sourceTree = "<group>"; };
		D65F17201B77E7C800866F61 /* Camera.swift */ = {isa = PBXFileReference; fileEncoding = 4; lastKnownFileType = sourcecode.swift; path = Camera.swift; sourceTree = "<group>"; };
		D65F17251B77F97300866F61 /* PointLight.swift */ = {isa = PBXFileReference; fileEncoding = 4; lastKnownFileType = sourcecode.swift; path = PointLight.swift; sourceTree = "<group>"; };
/* End PBXFileReference section */

/* Begin PBXFrameworksBuildPhase section */
		D65F16DD1B77B5D200866F61 /* Frameworks */ = {
			isa = PBXFrameworksBuildPhase;
			buildActionMask = 2147483647;
			files = (
			);
			runOnlyForDeploymentPostprocessing = 0;
		};
		D65F16EC1B77B5D200866F61 /* Frameworks */ = {
			isa = PBXFrameworksBuildPhase;
			buildActionMask = 2147483647;
			files = (
			);
			runOnlyForDeploymentPostprocessing = 0;
		};
/* End PBXFrameworksBuildPhase section */

/* Begin PBXGroup section */
		D65F16D71B77B5D200866F61 = {
			isa = PBXGroup;
			children = (
				D65F16E21B77B5D200866F61 /* SwiftTracer */,
				D65F16F21B77B5D200866F61 /* SwiftTracerTests */,
				D65F16E11B77B5D200866F61 /* Products */,
			);
			sourceTree = "<group>";
		};
		D65F16E11B77B5D200866F61 /* Products */ = {
			isa = PBXGroup;
			children = (
				D65F16E01B77B5D200866F61 /* SwiftTracer.app */,
				D65F16EF1B77B5D200866F61 /* SwiftTracerTests.xctest */,
			);
			name = Products;
			sourceTree = "<group>";
		};
		D65F16E21B77B5D200866F61 /* SwiftTracer */ = {
			isa = PBXGroup;
			children = (
				D65F17241B77F96A00866F61 /* Lights */,
				D65F17171B77D08200866F61 /* Views */,
				D65F17061B77B75E00866F61 /* Misc */,
				D65F17011B77B6AE00866F61 /* Math */,
				D65F16FE1B77B67C00866F61 /* Geometry */,
				D65F16E31B77B5D200866F61 /* AppDelegate.swift */,
				D65F16E51B77B5D200866F61 /* Assets.xcassets */,
				D65F16E71B77B5D200866F61 /* MainMenu.xib */,
				D65F16EA1B77B5D200866F61 /* Info.plist */,
				D65F17151B77CFF200866F61 /* MainViewController.swift */,
			);
			path = SwiftTracer;
			sourceTree = "<group>";
		};
		D65F16F21B77B5D200866F61 /* SwiftTracerTests */ = {
			isa = PBXGroup;
			children = (
				D65F17101B77BD3200866F61 /* Math */,
				D65F170D1B77B8AF00866F61 /* Geometry */,
				D65F16F31B77B5D200866F61 /* SwiftTracerTests.swift */,
				D65F16F51B77B5D200866F61 /* Info.plist */,
			);
			path = SwiftTracerTests;
			sourceTree = "<group>";
		};
		D65F16FE1B77B67C00866F61 /* Geometry */ = {
			isa = PBXGroup;
			children = (
				D65F16FF1B77B69000866F61 /* Sphere.swift */,
				D65F17041B77B6EF00866F61 /* Shape.swift */,
			);
			path = Geometry;
			sourceTree = "<group>";
		};
		D65F17011B77B6AE00866F61 /* Math */ = {
			isa = PBXGroup;
			children = (
				D65F17021B77B6B800866F61 /* Vector.swift */,
			);
			path = Math;
			sourceTree = "<group>";
		};
		D65F17061B77B75E00866F61 /* Misc */ = {
			isa = PBXGroup;
			children = (
				D65F17071B77B76700866F61 /* Ray.swift */,
				D65F17091B77B78500866F61 /* Material.swift */,
				D65F170B1B77B7BD00866F61 /* Intersection.swift */,
				D65F171A1B77D41400866F61 /* Renderer.swift */,
				D65F171C1B77D7B800866F61 /* Scene.swift */,
				D65F171E1B77E5ED00866F61 /* Color.swift */,
				D65F17201B77E7C800866F61 /* Camera.swift */,
			);
			path = Misc;
			sourceTree = "<group>";
		};
		D65F170D1B77B8AF00866F61 /* Geometry */ = {
			isa = PBXGroup;
			children = (
				D65F170E1B77B8BA00866F61 /* SphereTest.swift */,
			);
			path = Geometry;
			sourceTree = "<group>";
		};
		D65F17101B77BD3200866F61 /* Math */ = {
			isa = PBXGroup;
			children = (
				D65F17111B77BD3F00866F61 /* VectorTests.swift */,
			);
			path = Math;
			sourceTree = "<group>";
		};
		D65F17171B77D08200866F61 /* Views */ = {
			isa = PBXGroup;
			children = (
				D65F17181B77D09800866F61 /* PixelRenderView.swift */,
			);
			path = Views;
			sourceTree = "<group>";
		};
		D65F17241B77F96A00866F61 /* Lights */ = {
			isa = PBXGroup;
			children = (
				D65F17251B77F97300866F61 /* PointLight.swift */,
			);
			path = Lights;
			sourceTree = "<group>";
		};
/* End PBXGroup section */

/* Begin PBXNativeTarget section */
		D65F16DF1B77B5D200866F61 /* SwiftTracer */ = {
			isa = PBXNativeTarget;
			buildConfigurationList = D65F16F81B77B5D200866F61 /* Build configuration list for PBXNativeTarget "SwiftTracer" */;
			buildPhases = (
				D65F16DC1B77B5D200866F61 /* Sources */,
				D65F16DD1B77B5D200866F61 /* Frameworks */,
				D65F16DE1B77B5D200866F61 /* Resources */,
			);
			buildRules = (
			);
			dependencies = (
			);
			name = SwiftTracer;
			productName = SwiftTracer;
			productReference = D65F16E01B77B5D200866F61 /* SwiftTracer.app */;
			productType = "com.apple.product-type.application";
		};
		D65F16EE1B77B5D200866F61 /* SwiftTracerTests */ = {
			isa = PBXNativeTarget;
			buildConfigurationList = D65F16FB1B77B5D200866F61 /* Build configuration list for PBXNativeTarget "SwiftTracerTests" */;
			buildPhases = (
				D65F16EB1B77B5D200866F61 /* Sources */,
				D65F16EC1B77B5D200866F61 /* Frameworks */,
				D65F16ED1B77B5D200866F61 /* Resources */,
			);
			buildRules = (
			);
			dependencies = (
				D65F16F11B77B5D200866F61 /* PBXTargetDependency */,
			);
			name = SwiftTracerTests;
			productName = SwiftTracerTests;
			productReference = D65F16EF1B77B5D200866F61 /* SwiftTracerTests.xctest */;
			productType = "com.apple.product-type.bundle.unit-test";
		};
/* End PBXNativeTarget section */

/* Begin PBXProject section */
		D65F16D81B77B5D200866F61 /* Project object */ = {
			isa = PBXProject;
			attributes = {
				LastUpgradeCheck = 0700;
				ORGANIZATIONNAME = "Hugo Tunius";
				TargetAttributes = {
					D65F16DF1B77B5D200866F61 = {
						CreatedOnToolsVersion = 7.0;
					};
					D65F16EE1B77B5D200866F61 = {
						CreatedOnToolsVersion = 7.0;
						TestTargetID = D65F16DF1B77B5D200866F61;
					};
				};
			};
			buildConfigurationList = D65F16DB1B77B5D200866F61 /* Build configuration list for PBXProject "SwiftTracer" */;
			compatibilityVersion = "Xcode 3.2";
			developmentRegion = English;
			hasScannedForEncodings = 0;
			knownRegions = (
				en,
				Base,
			);
			mainGroup = D65F16D71B77B5D200866F61;
			productRefGroup = D65F16E11B77B5D200866F61 /* Products */;
			projectDirPath = "";
			projectRoot = "";
			targets = (
				D65F16DF1B77B5D200866F61 /* SwiftTracer */,
				D65F16EE1B77B5D200866F61 /* SwiftTracerTests */,
			);
		};
/* End PBXProject section */

/* Begin PBXResourcesBuildPhase section */
		D65F16DE1B77B5D200866F61 /* Resources */ = {
			isa = PBXResourcesBuildPhase;
			buildActionMask = 2147483647;
			files = (
				D65F16E61B77B5D200866F61 /* Assets.xcassets in Resources */,
				D65F16E91B77B5D200866F61 /* MainMenu.xib in Resources */,
			);
			runOnlyForDeploymentPostprocessing = 0;
		};
		D65F16ED1B77B5D200866F61 /* Resources */ = {
			isa = PBXResourcesBuildPhase;
			buildActionMask = 2147483647;
			files = (
			);
			runOnlyForDeploymentPostprocessing = 0;
		};
/* End PBXResourcesBuildPhase section */

/* Begin PBXSourcesBuildPhase section */
		D65F16DC1B77B5D200866F61 /* Sources */ = {
			isa = PBXSourcesBuildPhase;
			buildActionMask = 2147483647;
			files = (
				D65F17001B77B69000866F61 /* Sphere.swift in Sources */,
				D65F17031B77B6B800866F61 /* Vector.swift in Sources */,
				D65F16E41B77B5D200866F61 /* AppDelegate.swift in Sources */,
				D65F17191B77D09800866F61 /* PixelRenderView.swift in Sources */,
				D65F17051B77B6EF00866F61 /* Shape.swift in Sources */,
				D65F171F1B77E5ED00866F61 /* Color.swift in Sources */,
				D65F170A1B77B78500866F61 /* Material.swift in Sources */,
				D65F17261B77F97300866F61 /* PointLight.swift in Sources */,
				D65F170C1B77B7BD00866F61 /* Intersection.swift in Sources */,
				D65F17081B77B76700866F61 /* Ray.swift in Sources */,
				D65F171B1B77D41400866F61 /* Renderer.swift in Sources */,
				D65F17211B77E7C800866F61 /* Camera.swift in Sources */,
				D65F17161B77CFF200866F61 /* MainViewController.swift in Sources */,
				D65F171D1B77D7B800866F61 /* Scene.swift in Sources */,
			);
			runOnlyForDeploymentPostprocessing = 0;
		};
		D65F16EB1B77B5D200866F61 /* Sources */ = {
			isa = PBXSourcesBuildPhase;
			buildActionMask = 2147483647;
			files = (
				D65F170F1B77B8BA00866F61 /* SphereTest.swift in Sources */,
				D65F16F41B77B5D200866F61 /* SwiftTracerTests.swift in Sources */,
				D65F17121B77BD3F00866F61 /* VectorTests.swift in Sources */,
			);
			runOnlyForDeploymentPostprocessing = 0;
		};
/* End PBXSourcesBuildPhase section */

/* Begin PBXTargetDependency section */
		D65F16F11B77B5D200866F61 /* PBXTargetDependency */ = {
			isa = PBXTargetDependency;
			target = D65F16DF1B77B5D200866F61 /* SwiftTracer */;
			targetProxy = D65F16F01B77B5D200866F61 /* PBXContainerItemProxy */;
		};
/* End PBXTargetDependency section */

/* Begin PBXVariantGroup section */
		D65F16E71B77B5D200866F61 /* MainMenu.xib */ = {
			isa = PBXVariantGroup;
			children = (
				D65F16E81B77B5D200866F61 /* Base */,
			);
			name = MainMenu.xib;
			sourceTree = "<group>";
		};
/* End PBXVariantGroup section */

/* Begin XCBuildConfiguration section */
		D65F16F61B77B5D200866F61 /* Debug */ = {
			isa = XCBuildConfiguration;
			buildSettings = {
				ALWAYS_SEARCH_USER_PATHS = NO;
				CLANG_CXX_LANGUAGE_STANDARD = "gnu++0x";
				CLANG_CXX_LIBRARY = "libc++";
				CLANG_ENABLE_MODULES = YES;
				CLANG_ENABLE_OBJC_ARC = YES;
				CLANG_WARN_BOOL_CONVERSION = YES;
				CLANG_WARN_CONSTANT_CONVERSION = YES;
				CLANG_WARN_DIRECT_OBJC_ISA_USAGE = YES_ERROR;
				CLANG_WARN_EMPTY_BODY = YES;
				CLANG_WARN_ENUM_CONVERSION = YES;
				CLANG_WARN_INT_CONVERSION = YES;
				CLANG_WARN_OBJC_ROOT_CLASS = YES_ERROR;
				CLANG_WARN_UNREACHABLE_CODE = YES;
				CLANG_WARN__DUPLICATE_METHOD_MATCH = YES;
				CODE_SIGN_IDENTITY = "-";
				COPY_PHASE_STRIP = NO;
				DEBUG_INFORMATION_FORMAT = dwarf;
				ENABLE_STRICT_OBJC_MSGSEND = YES;
				ENABLE_TESTABILITY = YES;
				GCC_C_LANGUAGE_STANDARD = gnu99;
				GCC_DYNAMIC_NO_PIC = NO;
				GCC_NO_COMMON_BLOCKS = YES;
				GCC_OPTIMIZATION_LEVEL = 0;
				GCC_PREPROCESSOR_DEFINITIONS = (
					"DEBUG=1",
					"$(inherited)",
				);
				GCC_WARN_64_TO_32_BIT_CONVERSION = YES;
				GCC_WARN_ABOUT_RETURN_TYPE = YES_ERROR;
				GCC_WARN_UNDECLARED_SELECTOR = YES;
				GCC_WARN_UNINITIALIZED_AUTOS = YES_AGGRESSIVE;
				GCC_WARN_UNUSED_FUNCTION = YES;
				GCC_WARN_UNUSED_VARIABLE = YES;
				MACOSX_DEPLOYMENT_TARGET = 10.10;
				MTL_ENABLE_DEBUG_INFO = YES;
				ONLY_ACTIVE_ARCH = YES;
				SDKROOT = macosx;
				SWIFT_OPTIMIZATION_LEVEL = "-Onone";
			};
			name = Debug;
		};
		D65F16F71B77B5D200866F61 /* Release */ = {
			isa = XCBuildConfiguration;
			buildSettings = {
				ALWAYS_SEARCH_USER_PATHS = NO;
				CLANG_CXX_LANGUAGE_STANDARD = "gnu++0x";
				CLANG_CXX_LIBRARY = "libc++";
				CLANG_ENABLE_MODULES = YES;
				CLANG_ENABLE_OBJC_ARC = YES;
				CLANG_WARN_BOOL_CONVERSION = YES;
				CLANG_WARN_CONSTANT_CONVERSION = YES;
				CLANG_WARN_DIRECT_OBJC_ISA_USAGE = YES_ERROR;
				CLANG_WARN_EMPTY_BODY = YES;
				CLANG_WARN_ENUM_CONVERSION = YES;
				CLANG_WARN_INT_CONVERSION = YES;
				CLANG_WARN_OBJC_ROOT_CLASS = YES_ERROR;
				CLANG_WARN_UNREACHABLE_CODE = YES;
				CLANG_WARN__DUPLICATE_METHOD_MATCH = YES;
				CODE_SIGN_IDENTITY = "-";
				COPY_PHASE_STRIP = NO;
				DEBUG_INFORMATION_FORMAT = "dwarf-with-dsym";
				ENABLE_NS_ASSERTIONS = NO;
				ENABLE_STRICT_OBJC_MSGSEND = YES;
				GCC_C_LANGUAGE_STANDARD = gnu99;
				GCC_NO_COMMON_BLOCKS = YES;
				GCC_WARN_64_TO_32_BIT_CONVERSION = YES;
				GCC_WARN_ABOUT_RETURN_TYPE = YES_ERROR;
				GCC_WARN_UNDECLARED_SELECTOR = YES;
				GCC_WARN_UNINITIALIZED_AUTOS = YES_AGGRESSIVE;
				GCC_WARN_UNUSED_FUNCTION = YES;
				GCC_WARN_UNUSED_VARIABLE = YES;
				MACOSX_DEPLOYMENT_TARGET = 10.10;
				MTL_ENABLE_DEBUG_INFO = NO;
				SDKROOT = macosx;
			};
			name = Release;
		};
		D65F16F91B77B5D200866F61 /* Debug */ = {
			isa = XCBuildConfiguration;
			buildSettings = {
				ASSETCATALOG_COMPILER_APPICON_NAME = AppIcon;
				COMBINE_HIDPI_IMAGES = YES;
				INFOPLIST_FILE = SwiftTracer/Info.plist;
				LD_RUNPATH_SEARCH_PATHS = "$(inherited) @executable_path/../Frameworks";
				PRODUCT_BUNDLE_IDENTIFIER = org.hugotunius.SwiftTracer;
				PRODUCT_NAME = "$(TARGET_NAME)";
			};
			name = Debug;
		};
		D65F16FA1B77B5D200866F61 /* Release */ = {
			isa = XCBuildConfiguration;
			buildSettings = {
				ASSETCATALOG_COMPILER_APPICON_NAME = AppIcon;
				COMBINE_HIDPI_IMAGES = YES;
				INFOPLIST_FILE = SwiftTracer/Info.plist;
				LD_RUNPATH_SEARCH_PATHS = "$(inherited) @executable_path/../Frameworks";
				PRODUCT_BUNDLE_IDENTIFIER = org.hugotunius.SwiftTracer;
				PRODUCT_NAME = "$(TARGET_NAME)";
			};
			name = Release;
		};
		D65F16FC1B77B5D200866F61 /* Debug */ = {
			isa = XCBuildConfiguration;
			buildSettings = {
				BUNDLE_LOADER = "$(TEST_HOST)";
				COMBINE_HIDPI_IMAGES = YES;
				INFOPLIST_FILE = SwiftTracerTests/Info.plist;
				LD_RUNPATH_SEARCH_PATHS = "$(inherited) @executable_path/../Frameworks @loader_path/../Frameworks";
				PRODUCT_BUNDLE_IDENTIFIER = org.hugotunius.SwiftTracerTests;
				PRODUCT_NAME = "$(TARGET_NAME)";
				TEST_HOST = "$(BUILT_PRODUCTS_DIR)/SwiftTracer.app/Contents/MacOS/SwiftTracer";
			};
			name = Debug;
		};
		D65F16FD1B77B5D200866F61 /* Release */ = {
			isa = XCBuildConfiguration;
			buildSettings = {
				BUNDLE_LOADER = "$(TEST_HOST)";
				COMBINE_HIDPI_IMAGES = YES;
				INFOPLIST_FILE = SwiftTracerTests/Info.plist;
				LD_RUNPATH_SEARCH_PATHS = "$(inherited) @executable_path/../Frameworks @loader_path/../Frameworks";
				PRODUCT_BUNDLE_IDENTIFIER = org.hugotunius.SwiftTracerTests;
				PRODUCT_NAME = "$(TARGET_NAME)";
				TEST_HOST = "$(BUILT_PRODUCTS_DIR)/SwiftTracer.app/Contents/MacOS/SwiftTracer";
			};
			name = Release;
		};
/* End XCBuildConfiguration section */

/* Begin XCConfigurationList section */
		D65F16DB1B77B5D200866F61 /* Build configuration list for PBXProject "SwiftTracer" */ = {
			isa = XCConfigurationList;
			buildConfigurations = (
				D65F16F61B77B5D200866F61 /* Debug */,
				D65F16F71B77B5D200866F61 /* Release */,
			);
			defaultConfigurationIsVisible = 0;
			defaultConfigurationName = Release;
		};
		D65F16F81B77B5D200866F61 /* Build configuration list for PBXNativeTarget "SwiftTracer" */ = {
			isa = XCConfigurationList;
			buildConfigurations = (
				D65F16F91B77B5D200866F61 /* Debug */,
				D65F16FA1B77B5D200866F61 /* Release */,
			);
			defaultConfigurationIsVisible = 0;
		};
		D65F16FB1B77B5D200866F61 /* Build configuration list for PBXNativeTarget "SwiftTracerTests" */ = {
			isa = XCConfigurationList;
			buildConfigurations = (
				D65F16FC1B77B5D200866F61 /* Debug */,
				D65F16FD1B77B5D200866F61 /* Release */,
			);
			defaultConfigurationIsVisible = 0;
		};
/* End XCConfigurationList section */
	};
	rootObject = D65F16D81B77B5D200866F61 /* Project object */;
}
